
Microsoft Visual Studio Solution File, Format Version 12.00
# Visual Studio Version 17
VisualStudioVersion = 17.3.32929.385
MinimumVisualStudioVersion = 10.0.40219.1
Project("{FAE04EC0-301F-11D3-BF4B-00C04F79EFBC}") = "doWail", "doWail\doWail.csproj", "{A79324BF-9E96-43BE-9AED-71E8BD343F52}"
EndProject
Global
	GlobalSection(SolutionConfigurationPlatforms) = preSolution
		Debug|Any CPU = Debug|Any CPU
		Release|Any CPU = Release|Any CPU
	EndGlobalSection
	GlobalSection(ProjectConfigurationPlatforms) = postSolution
		{A79324BF-9E96-43BE-9AED-71E8BD343F52}.Debug|Any CPU.ActiveCfg = Debug|Any CPU
		{A79324BF-9E96-43BE-9AED-71E8BD343F52}.Debug|Any CPU.Build.0 = Debug|Any CPU
		{A79324BF-9E96-43BE-9AED-71E8BD343F52}.Release|Any CPU.ActiveCfg = Release|Any CPU
		{A79324BF-9E96-43BE-9AED-71E8BD343F52}.Release|Any CPU.Build.0 = Release|Any CPU
	EndGlobalSection
	GlobalSection(SolutionProperties) = preSolution
		HideSolutionNode = FALSE
	EndGlobalSection
	GlobalSection(ExtensibilityGlobals) = postSolution
		SolutionGuid = {0D2419A6-679C-4A84-9853-D6C0F75D23F4}
	EndGlobalSection
EndGlobal
