
Microsoft Visual Studio Solution File, Format Version 12.00
# Visual Studio Version 17
VisualStudioVersion = 17.3.32929.385
MinimumVisualStudioVersion = 10.0.40219.1
Project("{FAE04EC0-301F-11D3-BF4B-00C04F79EFBC}") = "Задача таблица", "Задача таблица\Задача таблица.csproj", "{CC18CF37-E883-4D60-9AAB-4D98B462509B}"
EndProject
Global
	GlobalSection(SolutionConfigurationPlatforms) = preSolution
		Debug|Any CPU = Debug|Any CPU
		Release|Any CPU = Release|Any CPU
	EndGlobalSection
	GlobalSection(ProjectConfigurationPlatforms) = postSolution
		{CC18CF37-E883-4D60-9AAB-4D98B462509B}.Debug|Any CPU.ActiveCfg = Debug|Any CPU
		{CC18CF37-E883-4D60-9AAB-4D98B462509B}.Debug|Any CPU.Build.0 = Debug|Any CPU
		{CC18CF37-E883-4D60-9AAB-4D98B462509B}.Release|Any CPU.ActiveCfg = Release|Any CPU
		{CC18CF37-E883-4D60-9AAB-4D98B462509B}.Release|Any CPU.Build.0 = Release|Any CPU
	EndGlobalSection
	GlobalSection(SolutionProperties) = preSolution
		HideSolutionNode = FALSE
	EndGlobalSection
	GlobalSection(ExtensibilityGlobals) = postSolution
		SolutionGuid = {A9EC6F1C-BA0C-4F37-B4A1-B54164FCFA0A}
	EndGlobalSection
EndGlobal
